// !$*UTF8*$!
{
	archiveVersion = 1;
	classes = {
	};
	objectVersion = 46;
	objects = {

/* Begin PBXBuildFile section */
		49440A7D1A1DBD4E00360E7F /* app.js in Resources */ = {isa = PBXBuildFile; fileRef = 49440A7C1A1DBD4E00360E7F /* app.js */; };
		49440A801A1DC41700360E7F /* NewsViewController.m in Sources */ = {isa = PBXBuildFile; fileRef = 49440A7F1A1DC41700360E7F /* NewsViewController.m */; };
		496D33BA1A1C7D8C00D2E9E6 /* main.m in Sources */ = {isa = PBXBuildFile; fileRef = 496D33B91A1C7D8C00D2E9E6 /* main.m */; };
		496D33BD1A1C7D8C00D2E9E6 /* AppDelegate.m in Sources */ = {isa = PBXBuildFile; fileRef = 496D33BC1A1C7D8C00D2E9E6 /* AppDelegate.m */; };
		496D33C01A1C7D8C00D2E9E6 /* ViewController.m in Sources */ = {isa = PBXBuildFile; fileRef = 496D33BF1A1C7D8C00D2E9E6 /* ViewController.m */; };
		496D33C31A1C7D8C00D2E9E6 /* Main.storyboard in Resources */ = {isa = PBXBuildFile; fileRef = 496D33C11A1C7D8C00D2E9E6 /* Main.storyboard */; };
		496D33C51A1C7D8C00D2E9E6 /* Images.xcassets in Resources */ = {isa = PBXBuildFile; fileRef = 496D33C41A1C7D8C00D2E9E6 /* Images.xcassets */; };
		496D33C81A1C7D8C00D2E9E6 /* LaunchScreen.xib in Resources */ = {isa = PBXBuildFile; fileRef = 496D33C61A1C7D8C00D2E9E6 /* LaunchScreen.xib */; };
		496D33D41A1C7D8C00D2E9E6 /* CISampleTests.m in Sources */ = {isa = PBXBuildFile; fileRef = 496D33D31A1C7D8C00D2E9E6 /* CISampleTests.m */; };
/* End PBXBuildFile section */

/* Begin PBXContainerItemProxy section */
		496D33CE1A1C7D8C00D2E9E6 /* PBXContainerItemProxy */ = {
			isa = PBXContainerItemProxy;
			containerPortal = 496D33AC1A1C7D8C00D2E9E6 /* Project object */;
			proxyType = 1;
			remoteGlobalIDString = 496D33B31A1C7D8C00D2E9E6;
			remoteInfo = CISample;
		};
/* End PBXContainerItemProxy section */

/* Begin PBXFileReference section */
		49440A7C1A1DBD4E00360E7F /* app.js */ = {isa = PBXFileReference; fileEncoding = 4; lastKnownFileType = sourcecode.javascript; path = app.js; sourceTree = "<group>"; };
		49440A7E1A1DC41700360E7F /* NewsViewController.h */ = {isa = PBXFileReference; fileEncoding = 4; lastKnownFileType = sourcecode.c.h; path = NewsViewController.h; sourceTree = "<group>"; };
		49440A7F1A1DC41700360E7F /* NewsViewController.m */ = {isa = PBXFileReference; fileEncoding = 4; lastKnownFileType = sourcecode.c.objc; path = NewsViewController.m; sourceTree = "<group>"; };
		496D33B41A1C7D8C00D2E9E6 /* CISample.app */ = {isa = PBXFileReference; explicitFileType = wrapper.application; includeInIndex = 0; path = CISample.app; sourceTree = BUILT_PRODUCTS_DIR; };
		496D33B81A1C7D8C00D2E9E6 /* Info.plist */ = {isa = PBXFileReference; lastKnownFileType = text.plist.xml; path = Info.plist; sourceTree = "<group>"; };
		496D33B91A1C7D8C00D2E9E6 /* main.m */ = {isa = PBXFileReference; lastKnownFileType = sourcecode.c.objc; path = main.m; sourceTree = "<group>"; };
		496D33BB1A1C7D8C00D2E9E6 /* AppDelegate.h */ = {isa = PBXFileReference; lastKnownFileType = sourcecode.c.h; path = AppDelegate.h; sourceTree = "<group>"; };
		496D33BC1A1C7D8C00D2E9E6 /* AppDelegate.m */ = {isa = PBXFileReference; lastKnownFileType = sourcecode.c.objc; path = AppDelegate.m; sourceTree = "<group>"; };
		496D33BE1A1C7D8C00D2E9E6 /* ViewController.h */ = {isa = PBXFileReference; lastKnownFileType = sourcecode.c.h; path = ViewController.h; sourceTree = "<group>"; };
		496D33BF1A1C7D8C00D2E9E6 /* ViewController.m */ = {isa = PBXFileReference; lastKnownFileType = sourcecode.c.objc; path = ViewController.m; sourceTree = "<group>"; };
		496D33C21A1C7D8C00D2E9E6 /* Base */ = {isa = PBXFileReference; lastKnownFileType = file.storyboard; name = Base; path = Base.lproj/Main.storyboard; sourceTree = "<group>"; };
		496D33C41A1C7D8C00D2E9E6 /* Images.xcassets */ = {isa = PBXFileReference; lastKnownFileType = folder.assetcatalog; path = Images.xcassets; sourceTree = "<group>"; };
		496D33C71A1C7D8C00D2E9E6 /* Base */ = {isa = PBXFileReference; lastKnownFileType = file.xib; name = Base; path = Base.lproj/LaunchScreen.xib; sourceTree = "<group>"; };
		496D33CD1A1C7D8C00D2E9E6 /* CISampleTests.xctest */ = {isa = PBXFileReference; explicitFileType = wrapper.cfbundle; includeInIndex = 0; path = CISampleTests.xctest; sourceTree = BUILT_PRODUCTS_DIR; };
		496D33D21A1C7D8C00D2E9E6 /* Info.plist */ = {isa = PBXFileReference; lastKnownFileType = text.plist.xml; path = Info.plist; sourceTree = "<group>"; };
		496D33D31A1C7D8C00D2E9E6 /* CISampleTests.m */ = {isa = PBXFileReference; lastKnownFileType = sourcecode.c.objc; path = CISampleTests.m; sourceTree = "<group>"; };
/* End PBXFileReference section */

/* Begin PBXFrameworksBuildPhase section */
		496D33B11A1C7D8C00D2E9E6 /* Frameworks */ = {
			isa = PBXFrameworksBuildPhase;
			buildActionMask = 2147483647;
			files = (
			);
			runOnlyForDeploymentPostprocessing = 0;
		};
		496D33CA1A1C7D8C00D2E9E6 /* Frameworks */ = {
			isa = PBXFrameworksBuildPhase;
			buildActionMask = 2147483647;
			files = (
			);
			runOnlyForDeploymentPostprocessing = 0;
		};
/* End PBXFrameworksBuildPhase section */

/* Begin PBXGroup section */
		49440A7B1A1DBD2400360E7F /* acceptence */ = {
			isa = PBXGroup;
			children = (
				49440A7C1A1DBD4E00360E7F /* app.js */,
			);
			path = acceptence;
			sourceTree = SOURCE_ROOT;
		};
		496D33AB1A1C7D8C00D2E9E6 = {
			isa = PBXGroup;
			children = (
				496D33B61A1C7D8C00D2E9E6 /* CISample */,
				496D33D01A1C7D8C00D2E9E6 /* CISampleTests */,
				496D33B51A1C7D8C00D2E9E6 /* Products */,
			);
			sourceTree = "<group>";
		};
		496D33B51A1C7D8C00D2E9E6 /* Products */ = {
			isa = PBXGroup;
			children = (
				496D33B41A1C7D8C00D2E9E6 /* CISample.app */,
				496D33CD1A1C7D8C00D2E9E6 /* CISampleTests.xctest */,
			);
			name = Products;
			sourceTree = "<group>";
		};
		496D33B61A1C7D8C00D2E9E6 /* CISample */ = {
			isa = PBXGroup;
			children = (
				496D33BB1A1C7D8C00D2E9E6 /* AppDelegate.h */,
				496D33BC1A1C7D8C00D2E9E6 /* AppDelegate.m */,
				496D33BE1A1C7D8C00D2E9E6 /* ViewController.h */,
				496D33BF1A1C7D8C00D2E9E6 /* ViewController.m */,
				496D33C11A1C7D8C00D2E9E6 /* Main.storyboard */,
				49440A7E1A1DC41700360E7F /* NewsViewController.h */,
				49440A7F1A1DC41700360E7F /* NewsViewController.m */,
				496D33C41A1C7D8C00D2E9E6 /* Images.xcassets */,
				496D33C61A1C7D8C00D2E9E6 /* LaunchScreen.xib */,
				496D33B71A1C7D8C00D2E9E6 /* Supporting Files */,
			);
			path = CISample;
			sourceTree = "<group>";
		};
		496D33B71A1C7D8C00D2E9E6 /* Supporting Files */ = {
			isa = PBXGroup;
			children = (
				496D33B81A1C7D8C00D2E9E6 /* Info.plist */,
				496D33B91A1C7D8C00D2E9E6 /* main.m */,
			);
			name = "Supporting Files";
			sourceTree = "<group>";
		};
		496D33D01A1C7D8C00D2E9E6 /* CISampleTests */ = {
			isa = PBXGroup;
			children = (
				49440A7B1A1DBD2400360E7F /* acceptence */,
				496D33D31A1C7D8C00D2E9E6 /* CISampleTests.m */,
				496D33D11A1C7D8C00D2E9E6 /* Supporting Files */,
			);
			path = CISampleTests;
			sourceTree = "<group>";
		};
		496D33D11A1C7D8C00D2E9E6 /* Supporting Files */ = {
			isa = PBXGroup;
			children = (
				496D33D21A1C7D8C00D2E9E6 /* Info.plist */,
			);
			name = "Supporting Files";
			sourceTree = "<group>";
		};
/* End PBXGroup section */

/* Begin PBXNativeTarget section */
		496D33B31A1C7D8C00D2E9E6 /* CISample */ = {
			isa = PBXNativeTarget;
			buildConfigurationList = 496D33D71A1C7D8C00D2E9E6 /* Build configuration list for PBXNativeTarget "CISample" */;
			buildPhases = (
				496D33B01A1C7D8C00D2E9E6 /* Sources */,
				496D33B11A1C7D8C00D2E9E6 /* Frameworks */,
				496D33B21A1C7D8C00D2E9E6 /* Resources */,
			);
			buildRules = (
			);
			dependencies = (
			);
			name = CISample;
			productName = CISample;
			productReference = 496D33B41A1C7D8C00D2E9E6 /* CISample.app */;
			productType = "com.apple.product-type.application";
		};
		496D33CC1A1C7D8C00D2E9E6 /* CISampleTests */ = {
			isa = PBXNativeTarget;
			buildConfigurationList = 496D33DA1A1C7D8C00D2E9E6 /* Build configuration list for PBXNativeTarget "CISampleTests" */;
			buildPhases = (
				496D33C91A1C7D8C00D2E9E6 /* Sources */,
				496D33CA1A1C7D8C00D2E9E6 /* Frameworks */,
				496D33CB1A1C7D8C00D2E9E6 /* Resources */,
			);
			buildRules = (
			);
			dependencies = (
				496D33CF1A1C7D8C00D2E9E6 /* PBXTargetDependency */,
			);
			name = CISampleTests;
			productName = CISampleTests;
			productReference = 496D33CD1A1C7D8C00D2E9E6 /* CISampleTests.xctest */;
			productType = "com.apple.product-type.bundle.unit-test";
		};
/* End PBXNativeTarget section */

/* Begin PBXProject section */
		496D33AC1A1C7D8C00D2E9E6 /* Project object */ = {
			isa = PBXProject;
			attributes = {
				LastUpgradeCheck = 0610;
				ORGANIZATIONNAME = lvjian;
				TargetAttributes = {
					496D33B31A1C7D8C00D2E9E6 = {
						CreatedOnToolsVersion = 6.1;
						DevelopmentTeam = C85KQG8PYQ;
					};
					496D33CC1A1C7D8C00D2E9E6 = {
						CreatedOnToolsVersion = 6.1;
						TestTargetID = 496D33B31A1C7D8C00D2E9E6;
					};
				};
			};
			buildConfigurationList = 496D33AF1A1C7D8C00D2E9E6 /* Build configuration list for PBXProject "CISample" */;
			compatibilityVersion = "Xcode 3.2";
			developmentRegion = English;
			hasScannedForEncodings = 0;
			knownRegions = (
				en,
				Base,
			);
			mainGroup = 496D33AB1A1C7D8C00D2E9E6;
			productRefGroup = 496D33B51A1C7D8C00D2E9E6 /* Products */;
			projectDirPath = "";
			projectRoot = "";
			targets = (
				496D33B31A1C7D8C00D2E9E6 /* CISample */,
				496D33CC1A1C7D8C00D2E9E6 /* CISampleTests */,
			);
		};
/* End PBXProject section */

/* Begin PBXResourcesBuildPhase section */
		496D33B21A1C7D8C00D2E9E6 /* Resources */ = {
			isa = PBXResourcesBuildPhase;
			buildActionMask = 2147483647;
			files = (
				496D33C31A1C7D8C00D2E9E6 /* Main.storyboard in Resources */,
				496D33C81A1C7D8C00D2E9E6 /* LaunchScreen.xib in Resources */,
				496D33C51A1C7D8C00D2E9E6 /* Images.xcassets in Resources */,
			);
			runOnlyForDeploymentPostprocessing = 0;
		};
		496D33CB1A1C7D8C00D2E9E6 /* Resources */ = {
			isa = PBXResourcesBuildPhase;
			buildActionMask = 2147483647;
			files = (
				49440A7D1A1DBD4E00360E7F /* app.js in Resources */,
			);
			runOnlyForDeploymentPostprocessing = 0;
		};
/* End PBXResourcesBuildPhase section */

/* Begin PBXSourcesBuildPhase section */
		496D33B01A1C7D8C00D2E9E6 /* Sources */ = {
			isa = PBXSourcesBuildPhase;
			buildActionMask = 2147483647;
			files = (
				496D33C01A1C7D8C00D2E9E6 /* ViewController.m in Sources */,
				496D33BD1A1C7D8C00D2E9E6 /* AppDelegate.m in Sources */,
				496D33BA1A1C7D8C00D2E9E6 /* main.m in Sources */,
				49440A801A1DC41700360E7F /* NewsViewController.m in Sources */,
			);
			runOnlyForDeploymentPostprocessing = 0;
		};
		496D33C91A1C7D8C00D2E9E6 /* Sources */ = {
			isa = PBXSourcesBuildPhase;
			buildActionMask = 2147483647;
			files = (
				496D33D41A1C7D8C00D2E9E6 /* CISampleTests.m in Sources */,
			);
			runOnlyForDeploymentPostprocessing = 0;
		};
/* End PBXSourcesBuildPhase section */

/* Begin PBXTargetDependency section */
		496D33CF1A1C7D8C00D2E9E6 /* PBXTargetDependency */ = {
			isa = PBXTargetDependency;
			target = 496D33B31A1C7D8C00D2E9E6 /* CISample */;
			targetProxy = 496D33CE1A1C7D8C00D2E9E6 /* PBXContainerItemProxy */;
		};
/* End PBXTargetDependency section */

/* Begin PBXVariantGroup section */
		496D33C11A1C7D8C00D2E9E6 /* Main.storyboard */ = {
			isa = PBXVariantGroup;
			children = (
				496D33C21A1C7D8C00D2E9E6 /* Base */,
			);
			name = Main.storyboard;
			sourceTree = "<group>";
		};
		496D33C61A1C7D8C00D2E9E6 /* LaunchScreen.xib */ = {
			isa = PBXVariantGroup;
			children = (
				496D33C71A1C7D8C00D2E9E6 /* Base */,
			);
			name = LaunchScreen.xib;
			sourceTree = "<group>";
		};
/* End PBXVariantGroup section */

/* Begin XCBuildConfiguration section */
		496D33D51A1C7D8C00D2E9E6 /* Debug */ = {
			isa = XCBuildConfiguration;
			buildSettings = {
				ALWAYS_SEARCH_USER_PATHS = NO;
				CLANG_CXX_LANGUAGE_STANDARD = "gnu++0x";
				CLANG_CXX_LIBRARY = "libc++";
				CLANG_ENABLE_MODULES = YES;
				CLANG_ENABLE_OBJC_ARC = YES;
				CLANG_WARN_BOOL_CONVERSION = YES;
				CLANG_WARN_CONSTANT_CONVERSION = YES;
				CLANG_WARN_DIRECT_OBJC_ISA_USAGE = YES_ERROR;
				CLANG_WARN_EMPTY_BODY = YES;
				CLANG_WARN_ENUM_CONVERSION = YES;
				CLANG_WARN_INT_CONVERSION = YES;
				CLANG_WARN_OBJC_ROOT_CLASS = YES_ERROR;
				CLANG_WARN_UNREACHABLE_CODE = YES;
				CLANG_WARN__DUPLICATE_METHOD_MATCH = YES;
				"CODE_SIGN_IDENTITY[sdk=iphoneos*]" = "iPhone Developer";
				COPY_PHASE_STRIP = NO;
				ENABLE_STRICT_OBJC_MSGSEND = YES;
				GCC_C_LANGUAGE_STANDARD = gnu99;
				GCC_DYNAMIC_NO_PIC = NO;
				GCC_OPTIMIZATION_LEVEL = 0;
				GCC_PREPROCESSOR_DEFINITIONS = (
					"DEBUG=1",
					"$(inherited)",
				);
				GCC_SYMBOLS_PRIVATE_EXTERN = NO;
				GCC_WARN_64_TO_32_BIT_CONVERSION = YES;
				GCC_WARN_ABOUT_RETURN_TYPE = YES_ERROR;
				GCC_WARN_UNDECLARED_SELECTOR = YES;
				GCC_WARN_UNINITIALIZED_AUTOS = YES_AGGRESSIVE;
				GCC_WARN_UNUSED_FUNCTION = YES;
				GCC_WARN_UNUSED_VARIABLE = YES;
				IPHONEOS_DEPLOYMENT_TARGET = 8.1;
				MTL_ENABLE_DEBUG_INFO = YES;
				ONLY_ACTIVE_ARCH = YES;
				SDKROOT = iphoneos;
			};
			name = Debug;
		};
		496D33D61A1C7D8C00D2E9E6 /* Release */ = {
			isa = XCBuildConfiguration;
			buildSettings = {
				ALWAYS_SEARCH_USER_PATHS = NO;
				CLANG_CXX_LANGUAGE_STANDARD = "gnu++0x";
				CLANG_CXX_LIBRARY = "libc++";
				CLANG_ENABLE_MODULES = YES;
				CLANG_ENABLE_OBJC_ARC = YES;
				CLANG_WARN_BOOL_CONVERSION = YES;
				CLANG_WARN_CONSTANT_CONVERSION = YES;
				CLANG_WARN_DIRECT_OBJC_ISA_USAGE = YES_ERROR;
				CLANG_WARN_EMPTY_BODY = YES;
				CLANG_WARN_ENUM_CONVERSION = YES;
				CLANG_WARN_INT_CONVERSION = YES;
				CLANG_WARN_OBJC_ROOT_CLASS = YES_ERROR;
				CLANG_WARN_UNREACHABLE_CODE = YES;
				CLANG_WARN__DUPLICATE_METHOD_MATCH = YES;
				"CODE_SIGN_IDENTITY[sdk=iphoneos*]" = "iPhone Developer";
				COPY_PHASE_STRIP = YES;
				ENABLE_NS_ASSERTIONS = NO;
				ENABLE_STRICT_OBJC_MSGSEND = YES;
				GCC_C_LANGUAGE_STANDARD = gnu99;
				GCC_WARN_64_TO_32_BIT_CONVERSION = YES;
				GCC_WARN_ABOUT_RETURN_TYPE = YES_ERROR;
				GCC_WARN_UNDECLARED_SELECTOR = YES;
				GCC_WARN_UNINITIALIZED_AUTOS = YES_AGGRESSIVE;
				GCC_WARN_UNUSED_FUNCTION = YES;
				GCC_WARN_UNUSED_VARIABLE = YES;
				IPHONEOS_DEPLOYMENT_TARGET = 8.1;
				MTL_ENABLE_DEBUG_INFO = NO;
				SDKROOT = iphoneos;
				VALIDATE_PRODUCT = YES;
			};
			name = Release;
		};
		496D33D81A1C7D8C00D2E9E6 /* Debug */ = {
			isa = XCBuildConfiguration;
			buildSettings = {
				ASSETCATALOG_COMPILER_APPICON_NAME = AppIcon;
				CODE_SIGN_IDENTITY = "iPhone Developer";
				INFOPLIST_FILE = CISample/Info.plist;
				IPHONEOS_DEPLOYMENT_TARGET = 8.1;
				LD_RUNPATH_SEARCH_PATHS = "$(inherited) @executable_path/Frameworks";
				PRODUCT_NAME = "$(TARGET_NAME)";
				TARGETED_DEVICE_FAMILY = 1;
			};
			name = Debug;
		};
		496D33D91A1C7D8C00D2E9E6 /* Release */ = {
			isa = XCBuildConfiguration;
			buildSettings = {
				ASSETCATALOG_COMPILER_APPICON_NAME = AppIcon;
				CODE_SIGN_IDENTITY = "iPhone Developer";
				INFOPLIST_FILE = CISample/Info.plist;
				IPHONEOS_DEPLOYMENT_TARGET = 8.1;
				LD_RUNPATH_SEARCH_PATHS = "$(inherited) @executable_path/Frameworks";
				PRODUCT_NAME = "$(TARGET_NAME)";
				TARGETED_DEVICE_FAMILY = 1;
			};
			name = Release;
		};
		496D33DB1A1C7D8C00D2E9E6 /* Debug */ = {
			isa = XCBuildConfiguration;
			buildSettings = {
				BUNDLE_LOADER = "$(TEST_HOST)";
				FRAMEWORK_SEARCH_PATHS = (
					"$(SDKROOT)/Developer/Library/Frameworks",
					"$(inherited)",
				);
				GCC_PREPROCESSOR_DEFINITIONS = (
					"DEBUG=1",
					"$(inherited)",
				);
				INFOPLIST_FILE = CISampleTests/Info.plist;
				LD_RUNPATH_SEARCH_PATHS = "$(inherited) @executable_path/Frameworks @loader_path/Frameworks";
				PRODUCT_NAME = "$(TARGET_NAME)";
				TEST_HOST = "$(BUILT_PRODUCTS_DIR)/CISample.app/CISample";
			};
			name = Debug;
		};
		496D33DC1A1C7D8C00D2E9E6 /* Release */ = {
			isa = XCBuildConfiguration;
			buildSettings = {
				BUNDLE_LOADER = "$(TEST_HOST)";
				FRAMEWORK_SEARCH_PATHS = (
					"$(SDKROOT)/Developer/Library/Frameworks",
					"$(inherited)",
				);
				INFOPLIST_FILE = CISampleTests/Info.plist;
				LD_RUNPATH_SEARCH_PATHS = "$(inherited) @executable_path/Frameworks @loader_path/Frameworks";
				PRODUCT_NAME = "$(TARGET_NAME)";
				TEST_HOST = "$(BUILT_PRODUCTS_DIR)/CISample.app/CISample";
			};
			name = Release;
		};
/* End XCBuildConfiguration section */

/* Begin XCConfigurationList section */
		496D33AF1A1C7D8C00D2E9E6 /* Build configuration list for PBXProject "CISample" */ = {
			isa = XCConfigurationList;
			buildConfigurations = (
				496D33D51A1C7D8C00D2E9E6 /* Debug */,
				496D33D61A1C7D8C00D2E9E6 /* Release */,
			);
			defaultConfigurationIsVisible = 0;
			defaultConfigurationName = Release;
		};
		496D33D71A1C7D8C00D2E9E6 /* Build configuration list for PBXNativeTarget "CISample" */ = {
			isa = XCConfigurationList;
			buildConfigurations = (
				496D33D81A1C7D8C00D2E9E6 /* Debug */,
				496D33D91A1C7D8C00D2E9E6 /* Release */,
			);
			defaultConfigurationIsVisible = 0;
			defaultConfigurationName = Release;
		};
		496D33DA1A1C7D8C00D2E9E6 /* Build configuration list for PBXNativeTarget "CISampleTests" */ = {
			isa = XCConfigurationList;
			buildConfigurations = (
				496D33DB1A1C7D8C00D2E9E6 /* Debug */,
				496D33DC1A1C7D8C00D2E9E6 /* Release */,
			);
			defaultConfigurationIsVisible = 0;
			defaultConfigurationName = Release;
		};
/* End XCConfigurationList section */
	};
	rootObject = 496D33AC1A1C7D8C00D2E9E6 /* Project object */;
}
